// !$*UTF8*$!
{
	archiveVersion = 1;
	classes = {
	};
	objectVersion = 46;
	objects = {

/* Begin PBXBuildFile section */
		4C1ACBCE153CB846004D8D9B /* TankView.m in Sources */ = {isa = PBXBuildFile; fileRef = 4C1ACBCD153CB846004D8D9B /* TankView.m */; };
		4C1ACBD2153CB86E004D8D9B /* GameViewController.m in Sources */ = {isa = PBXBuildFile; fileRef = 4C1ACBD0153CB86E004D8D9B /* GameViewController.m */; };
		4C1ACBD6153DD425004D8D9B /* Turret.m in Sources */ = {isa = PBXBuildFile; fileRef = 4C1ACBD5153DD425004D8D9B /* Turret.m */; };
		4C1ACBD9153DD431004D8D9B /* Shell.m in Sources */ = {isa = PBXBuildFile; fileRef = 4C1ACBD8153DD431004D8D9B /* Shell.m */; };
		4C1ACBDC153DD43F004D8D9B /* TurretView.m in Sources */ = {isa = PBXBuildFile; fileRef = 4C1ACBDB153DD43F004D8D9B /* TurretView.m */; };
		4C1ACBDF153DD44A004D8D9B /* ShellView.m in Sources */ = {isa = PBXBuildFile; fileRef = 4C1ACBDE153DD44A004D8D9B /* ShellView.m */; };
		4C970CA31534CDD800B4D4B2 /* Tank.m in Sources */ = {isa = PBXBuildFile; fileRef = 4C970CA21534CDD800B4D4B2 /* Tank.m */; };
		4C970CAE1534D97C00B4D4B2 /* Game.m in Sources */ = {isa = PBXBuildFile; fileRef = 4C970CAD1534D97C00B4D4B2 /* Game.m */; };
		4C970CB11534DC2D00B4D4B2 /* Player.m in Sources */ = {isa = PBXBuildFile; fileRef = 4C970CB01534DC2D00B4D4B2 /* Player.m */; };
		4C970CB71534EBD000B4D4B2 /* Target.m in Sources */ = {isa = PBXBuildFile; fileRef = 4C970CB61534EBD000B4D4B2 /* Target.m */; };
		4C970CBA1534EF1000B4D4B2 /* TargetView.m in Sources */ = {isa = PBXBuildFile; fileRef = 4C970CB91534EF1000B4D4B2 /* TargetView.m */; };
		4CC09AE315334A3D00487E2A /* UIKit.framework in Frameworks */ = {isa = PBXBuildFile; fileRef = 4CC09AE215334A3D00487E2A /* UIKit.framework */; };
		4CC09AE515334A3D00487E2A /* Foundation.framework in Frameworks */ = {isa = PBXBuildFile; fileRef = 4CC09AE415334A3D00487E2A /* Foundation.framework */; };
		4CC09AE715334A3D00487E2A /* CoreGraphics.framework in Frameworks */ = {isa = PBXBuildFile; fileRef = 4CC09AE615334A3D00487E2A /* CoreGraphics.framework */; };
		4CC09AED15334A3D00487E2A /* InfoPlist.strings in Resources */ = {isa = PBXBuildFile; fileRef = 4CC09AEB15334A3D00487E2A /* InfoPlist.strings */; };
		4CC09AEF15334A3D00487E2A /* main.m in Sources */ = {isa = PBXBuildFile; fileRef = 4CC09AEE15334A3D00487E2A /* main.m */; };
		4CC09AF315334A3D00487E2A /* _94AppDelegate.m in Sources */ = {isa = PBXBuildFile; fileRef = 4CC09AF215334A3D00487E2A /* _94AppDelegate.m */; };
		4CC09AF615334A3D00487E2A /* MainStoryboard.storyboard in Resources */ = {isa = PBXBuildFile; fileRef = 4CC09AF415334A3D00487E2A /* MainStoryboard.storyboard */; };
		4CC09AF915334A3D00487E2A /* _94ViewController.m in Sources */ = {isa = PBXBuildFile; fileRef = 4CC09AF815334A3D00487E2A /* _94ViewController.m */; };
		4CC1B4D9153F991600E80508 /* GameView.m in Sources */ = {isa = PBXBuildFile; fileRef = 4CC1B4D8153F991600E80508 /* GameView.m */; };
/* End PBXBuildFile section */

/* Begin PBXFileReference section */
		4C1ACBCC153CB846004D8D9B /* TankView.h */ = {isa = PBXFileReference; fileEncoding = 4; lastKnownFileType = sourcecode.c.h; path = TankView.h; sourceTree = "<group>"; };
		4C1ACBCD153CB846004D8D9B /* TankView.m */ = {isa = PBXFileReference; fileEncoding = 4; lastKnownFileType = sourcecode.c.objc; path = TankView.m; sourceTree = "<group>"; };
		4C1ACBCF153CB86E004D8D9B /* GameViewController.h */ = {isa = PBXFileReference; fileEncoding = 4; lastKnownFileType = sourcecode.c.h; path = GameViewController.h; sourceTree = "<group>"; };
		4C1ACBD0153CB86E004D8D9B /* GameViewController.m */ = {isa = PBXFileReference; fileEncoding = 4; lastKnownFileType = sourcecode.c.objc; path = GameViewController.m; sourceTree = "<group>"; };
		4C1ACBD4153DD425004D8D9B /* Turret.h */ = {isa = PBXFileReference; fileEncoding = 4; lastKnownFileType = sourcecode.c.h; path = Turret.h; sourceTree = "<group>"; };
		4C1ACBD5153DD425004D8D9B /* Turret.m */ = {isa = PBXFileReference; fileEncoding = 4; lastKnownFileType = sourcecode.c.objc; path = Turret.m; sourceTree = "<group>"; };
		4C1ACBD7153DD431004D8D9B /* Shell.h */ = {isa = PBXFileReference; fileEncoding = 4; lastKnownFileType = sourcecode.c.h; path = Shell.h; sourceTree = "<group>"; };
		4C1ACBD8153DD431004D8D9B /* Shell.m */ = {isa = PBXFileReference; fileEncoding = 4; lastKnownFileType = sourcecode.c.objc; path = Shell.m; sourceTree = "<group>"; };
		4C1ACBDA153DD43F004D8D9B /* TurretView.h */ = {isa = PBXFileReference; fileEncoding = 4; lastKnownFileType = sourcecode.c.h; path = TurretView.h; sourceTree = "<group>"; };
		4C1ACBDB153DD43F004D8D9B /* TurretView.m */ = {isa = PBXFileReference; fileEncoding = 4; lastKnownFileType = sourcecode.c.objc; path = TurretView.m; sourceTree = "<group>"; };
		4C1ACBDD153DD449004D8D9B /* ShellView.h */ = {isa = PBXFileReference; fileEncoding = 4; lastKnownFileType = sourcecode.c.h; path = ShellView.h; sourceTree = "<group>"; };
		4C1ACBDE153DD44A004D8D9B /* ShellView.m */ = {isa = PBXFileReference; fileEncoding = 4; lastKnownFileType = sourcecode.c.objc; path = ShellView.m; sourceTree = "<group>"; };
		4C970CA11534CDD800B4D4B2 /* Tank.h */ = {isa = PBXFileReference; fileEncoding = 4; lastKnownFileType = sourcecode.c.h; path = Tank.h; sourceTree = "<group>"; };
		4C970CA21534CDD800B4D4B2 /* Tank.m */ = {isa = PBXFileReference; fileEncoding = 4; lastKnownFileType = sourcecode.c.objc; path = Tank.m; sourceTree = "<group>"; };
		4C970CAC1534D97C00B4D4B2 /* Game.h */ = {isa = PBXFileReference; fileEncoding = 4; lastKnownFileType = sourcecode.c.h; path = Game.h; sourceTree = "<group>"; };
		4C970CAD1534D97C00B4D4B2 /* Game.m */ = {isa = PBXFileReference; fileEncoding = 4; lastKnownFileType = sourcecode.c.objc; path = Game.m; sourceTree = "<group>"; };
		4C970CAF1534DC2D00B4D4B2 /* Player.h */ = {isa = PBXFileReference; fileEncoding = 4; lastKnownFileType = sourcecode.c.h; path = Player.h; sourceTree = "<group>"; };
		4C970CB01534DC2D00B4D4B2 /* Player.m */ = {isa = PBXFileReference; fileEncoding = 4; lastKnownFileType = sourcecode.c.objc; path = Player.m; sourceTree = "<group>"; };
		4C970CB51534EBD000B4D4B2 /* Target.h */ = {isa = PBXFileReference; fileEncoding = 4; lastKnownFileType = sourcecode.c.h; path = Target.h; sourceTree = "<group>"; };
		4C970CB61534EBD000B4D4B2 /* Target.m */ = {isa = PBXFileReference; fileEncoding = 4; lastKnownFileType = sourcecode.c.objc; path = Target.m; sourceTree = "<group>"; };
		4C970CB81534EF1000B4D4B2 /* TargetView.h */ = {isa = PBXFileReference; fileEncoding = 4; lastKnownFileType = sourcecode.c.h; path = TargetView.h; sourceTree = "<group>"; };
		4C970CB91534EF1000B4D4B2 /* TargetView.m */ = {isa = PBXFileReference; fileEncoding = 4; lastKnownFileType = sourcecode.c.objc; path = TargetView.m; sourceTree = "<group>"; };
		4CC09ADE15334A3D00487E2A /* TankGame.app */ = {isa = PBXFileReference; explicitFileType = wrapper.application; includeInIndex = 0; path = TankGame.app; sourceTree = BUILT_PRODUCTS_DIR; };
		4CC09AE215334A3D00487E2A /* UIKit.framework */ = {isa = PBXFileReference; lastKnownFileType = wrapper.framework; name = UIKit.framework; path = System/Library/Frameworks/UIKit.framework; sourceTree = SDKROOT; };
		4CC09AE415334A3D00487E2A /* Foundation.framework */ = {isa = PBXFileReference; lastKnownFileType = wrapper.framework; name = Foundation.framework; path = System/Library/Frameworks/Foundation.framework; sourceTree = SDKROOT; };
		4CC09AE615334A3D00487E2A /* CoreGraphics.framework */ = {isa = PBXFileReference; lastKnownFileType = wrapper.framework; name = CoreGraphics.framework; path = System/Library/Frameworks/CoreGraphics.framework; sourceTree = SDKROOT; };
		4CC09AEA15334A3D00487E2A /* TankGame-Info.plist */ = {isa = PBXFileReference; lastKnownFileType = text.plist.xml; path = "TankGame-Info.plist"; sourceTree = "<group>"; };
		4CC09AEC15334A3D00487E2A /* en */ = {isa = PBXFileReference; lastKnownFileType = text.plist.strings; name = en; path = en.lproj/InfoPlist.strings; sourceTree = "<group>"; };
		4CC09AEE15334A3D00487E2A /* main.m */ = {isa = PBXFileReference; lastKnownFileType = sourcecode.c.objc; path = main.m; sourceTree = "<group>"; };
		4CC09AF015334A3D00487E2A /* TankGame-Prefix.pch */ = {isa = PBXFileReference; lastKnownFileType = sourcecode.c.h; path = "TankGame-Prefix.pch"; sourceTree = "<group>"; };
		4CC09AF115334A3D00487E2A /* _94AppDelegate.h */ = {isa = PBXFileReference; lastKnownFileType = sourcecode.c.h; path = _94AppDelegate.h; sourceTree = "<group>"; };
		4CC09AF215334A3D00487E2A /* _94AppDelegate.m */ = {isa = PBXFileReference; lastKnownFileType = sourcecode.c.objc; path = _94AppDelegate.m; sourceTree = "<group>"; };
		4CC09AF515334A3D00487E2A /* en */ = {isa = PBXFileReference; lastKnownFileType = file.storyboard; name = en; path = en.lproj/MainStoryboard.storyboard; sourceTree = "<group>"; };
		4CC09AF715334A3D00487E2A /* _94ViewController.h */ = {isa = PBXFileReference; lastKnownFileType = sourcecode.c.h; path = _94ViewController.h; sourceTree = "<group>"; };
		4CC09AF815334A3D00487E2A /* _94ViewController.m */ = {isa = PBXFileReference; lastKnownFileType = sourcecode.c.objc; path = _94ViewController.m; sourceTree = "<group>"; };
		4CC1B4D7153F991600E80508 /* GameView.h */ = {isa = PBXFileReference; fileEncoding = 4; lastKnownFileType = sourcecode.c.h; name = GameView.h; path = ../GameView.h; sourceTree = "<group>"; };
		4CC1B4D8153F991600E80508 /* GameView.m */ = {isa = PBXFileReference; fileEncoding = 4; lastKnownFileType = sourcecode.c.objc; name = GameView.m; path = ../GameView.m; sourceTree = "<group>"; };
/* End PBXFileReference section */

/* Begin PBXFrameworksBuildPhase section */
		4CC09ADB15334A3D00487E2A /* Frameworks */ = {
			isa = PBXFrameworksBuildPhase;
			buildActionMask = 2147483647;
			files = (
				4CC09AE315334A3D00487E2A /* UIKit.framework in Frameworks */,
				4CC09AE515334A3D00487E2A /* Foundation.framework in Frameworks */,
				4CC09AE715334A3D00487E2A /* CoreGraphics.framework in Frameworks */,
			);
			runOnlyForDeploymentPostprocessing = 0;
		};
/* End PBXFrameworksBuildPhase section */

/* Begin PBXGroup section */
		4CC09AD315334A3C00487E2A = {
			isa = PBXGroup;
			children = (
				4CC09AE815334A3D00487E2A /* TankGame */,
				4CC09AE115334A3D00487E2A /* Frameworks */,
				4CC09ADF15334A3D00487E2A /* Products */,
			);
			sourceTree = "<group>";
		};
		4CC09ADF15334A3D00487E2A /* Products */ = {
			isa = PBXGroup;
			children = (
				4CC09ADE15334A3D00487E2A /* TankGame.app */,
			);
			name = Products;
			sourceTree = "<group>";
		};
		4CC09AE115334A3D00487E2A /* Frameworks */ = {
			isa = PBXGroup;
			children = (
				4CC09AE215334A3D00487E2A /* UIKit.framework */,
				4CC09AE415334A3D00487E2A /* Foundation.framework */,
				4CC09AE615334A3D00487E2A /* CoreGraphics.framework */,
			);
			name = Frameworks;
			sourceTree = "<group>";
		};
		4CC09AE815334A3D00487E2A /* TankGame */ = {
			isa = PBXGroup;
			children = (
				4CC09AF115334A3D00487E2A /* _94AppDelegate.h */,
				4CC09AF215334A3D00487E2A /* _94AppDelegate.m */,
				4CC09AF715334A3D00487E2A /* _94ViewController.h */,
				4CC09AF815334A3D00487E2A /* _94ViewController.m */,
				4C970CAC1534D97C00B4D4B2 /* Game.h */,
				4C970CAD1534D97C00B4D4B2 /* Game.m */,
				4CC1B4D7153F991600E80508 /* GameView.h */,
				4CC1B4D8153F991600E80508 /* GameView.m */,
				4C1ACBCF153CB86E004D8D9B /* GameViewController.h */,
				4C1ACBD0153CB86E004D8D9B /* GameViewController.m */,
				4CC09AF415334A3D00487E2A /* MainStoryboard.storyboard */,
				4C970CAF1534DC2D00B4D4B2 /* Player.h */,
				4C970CB01534DC2D00B4D4B2 /* Player.m */,
				4C1ACBD7153DD431004D8D9B /* Shell.h */,
				4C1ACBD8153DD431004D8D9B /* Shell.m */,
				4C1ACBDD153DD449004D8D9B /* ShellView.h */,
				4C1ACBDE153DD44A004D8D9B /* ShellView.m */,
				4CC09AE915334A3D00487E2A /* Supporting Files */,
				4C970CA11534CDD800B4D4B2 /* Tank.h */,
				4C970CA21534CDD800B4D4B2 /* Tank.m */,
				4C1ACBCC153CB846004D8D9B /* TankView.h */,
				4C1ACBCD153CB846004D8D9B /* TankView.m */,
				4C970CB51534EBD000B4D4B2 /* Target.h */,
				4C970CB61534EBD000B4D4B2 /* Target.m */,
				4C970CB81534EF1000B4D4B2 /* TargetView.h */,
				4C970CB91534EF1000B4D4B2 /* TargetView.m */,
				4C1ACBD4153DD425004D8D9B /* Turret.h */,
				4C1ACBD5153DD425004D8D9B /* Turret.m */,
				4C1ACBDA153DD43F004D8D9B /* TurretView.h */,
				4C1ACBDB153DD43F004D8D9B /* TurretView.m */,
			);
			path = TankGame;
			sourceTree = "<group>";
		};
		4CC09AE915334A3D00487E2A /* Supporting Files */ = {
			isa = PBXGroup;
			children = (
				4CC09AEA15334A3D00487E2A /* TankGame-Info.plist */,
				4CC09AEB15334A3D00487E2A /* InfoPlist.strings */,
				4CC09AEE15334A3D00487E2A /* main.m */,
				4CC09AF015334A3D00487E2A /* TankGame-Prefix.pch */,
			);
			name = "Supporting Files";
			sourceTree = "<group>";
		};
/* End PBXGroup section */

/* Begin PBXNativeTarget section */
		4CC09ADD15334A3D00487E2A /* TankGame */ = {
			isa = PBXNativeTarget;
			buildConfigurationList = 4CC09AFC15334A3D00487E2A /* Build configuration list for PBXNativeTarget "TankGame" */;
			buildPhases = (
				4CC09ADA15334A3D00487E2A /* Sources */,
				4CC09ADB15334A3D00487E2A /* Frameworks */,
				4CC09ADC15334A3D00487E2A /* Resources */,
			);
			buildRules = (
			);
			dependencies = (
			);
			name = TankGame;
			productName = TankGame;
			productReference = 4CC09ADE15334A3D00487E2A /* TankGame.app */;
			productType = "com.apple.product-type.application";
		};
/* End PBXNativeTarget section */

/* Begin PBXProject section */
		4CC09AD515334A3C00487E2A /* Project object */ = {
			isa = PBXProject;
			attributes = {
				LastUpgradeCheck = 0420;
			};
			buildConfigurationList = 4CC09AD815334A3C00487E2A /* Build configuration list for PBXProject "TankGame" */;
			compatibilityVersion = "Xcode 3.2";
			developmentRegion = English;
			hasScannedForEncodings = 0;
			knownRegions = (
				en,
			);
			mainGroup = 4CC09AD315334A3C00487E2A;
			productRefGroup = 4CC09ADF15334A3D00487E2A /* Products */;
			projectDirPath = "";
			projectRoot = "";
			targets = (
				4CC09ADD15334A3D00487E2A /* TankGame */,
			);
		};
/* End PBXProject section */

/* Begin PBXResourcesBuildPhase section */
		4CC09ADC15334A3D00487E2A /* Resources */ = {
			isa = PBXResourcesBuildPhase;
			buildActionMask = 2147483647;
			files = (
				4CC09AED15334A3D00487E2A /* InfoPlist.strings in Resources */,
				4CC09AF615334A3D00487E2A /* MainStoryboard.storyboard in Resources */,
			);
			runOnlyForDeploymentPostprocessing = 0;
		};
/* End PBXResourcesBuildPhase section */

/* Begin PBXSourcesBuildPhase section */
		4CC09ADA15334A3D00487E2A /* Sources */ = {
			isa = PBXSourcesBuildPhase;
			buildActionMask = 2147483647;
			files = (
				4CC09AEF15334A3D00487E2A /* main.m in Sources */,
				4CC09AF315334A3D00487E2A /* _94AppDelegate.m in Sources */,
				4CC09AF915334A3D00487E2A /* _94ViewController.m in Sources */,
				4C970CA31534CDD800B4D4B2 /* Tank.m in Sources */,
				4C970CAE1534D97C00B4D4B2 /* Game.m in Sources */,
				4C970CB11534DC2D00B4D4B2 /* Player.m in Sources */,
				4C970CB71534EBD000B4D4B2 /* Target.m in Sources */,
				4C970CBA1534EF1000B4D4B2 /* TargetView.m in Sources */,
				4C1ACBCE153CB846004D8D9B /* TankView.m in Sources */,
				4C1ACBD2153CB86E004D8D9B /* GameViewController.m in Sources */,
				4C1ACBD6153DD425004D8D9B /* Turret.m in Sources */,
				4C1ACBD9153DD431004D8D9B /* Shell.m in Sources */,
				4C1ACBDC153DD43F004D8D9B /* TurretView.m in Sources */,
				4C1ACBDF153DD44A004D8D9B /* ShellView.m in Sources */,
				4CC1B4D9153F991600E80508 /* GameView.m in Sources */,
			);
			runOnlyForDeploymentPostprocessing = 0;
		};
/* End PBXSourcesBuildPhase section */

/* Begin PBXVariantGroup section */
		4CC09AEB15334A3D00487E2A /* InfoPlist.strings */ = {
			isa = PBXVariantGroup;
			children = (
				4CC09AEC15334A3D00487E2A /* en */,
			);
			name = InfoPlist.strings;
			sourceTree = "<group>";
		};
		4CC09AF415334A3D00487E2A /* MainStoryboard.storyboard */ = {
			isa = PBXVariantGroup;
			children = (
				4CC09AF515334A3D00487E2A /* en */,
			);
			name = MainStoryboard.storyboard;
			sourceTree = "<group>";
		};
/* End PBXVariantGroup section */

/* Begin XCBuildConfiguration section */
		4CC09AFA15334A3D00487E2A /* Debug */ = {
			isa = XCBuildConfiguration;
			buildSettings = {
				ALWAYS_SEARCH_USER_PATHS = NO;
				ARCHS = "$(ARCHS_STANDARD_32_BIT)";
				CLANG_ENABLE_OBJC_ARC = YES;
				"CODE_SIGN_IDENTITY[sdk=iphoneos*]" = "iPhone Developer";
				COPY_PHASE_STRIP = NO;
				GCC_C_LANGUAGE_STANDARD = gnu99;
				GCC_DYNAMIC_NO_PIC = NO;
				GCC_OPTIMIZATION_LEVEL = 0;
				GCC_PREPROCESSOR_DEFINITIONS = (
					"DEBUG=1",
					"$(inherited)",
				);
				GCC_SYMBOLS_PRIVATE_EXTERN = NO;
				GCC_VERSION = com.apple.compilers.llvm.clang.1_0;
				GCC_WARN_ABOUT_MISSING_PROTOTYPES = YES;
				GCC_WARN_ABOUT_RETURN_TYPE = YES;
				GCC_WARN_UNUSED_VARIABLE = YES;
				IPHONEOS_DEPLOYMENT_TARGET = 5.0;
				SDKROOT = iphoneos;
			};
			name = Debug;
		};
		4CC09AFB15334A3D00487E2A /* Release */ = {
			isa = XCBuildConfiguration;
			buildSettings = {
				ALWAYS_SEARCH_USER_PATHS = NO;
				ARCHS = "$(ARCHS_STANDARD_32_BIT)";
				CLANG_ENABLE_OBJC_ARC = YES;
				"CODE_SIGN_IDENTITY[sdk=iphoneos*]" = "iPhone Developer";
				COPY_PHASE_STRIP = YES;
				GCC_C_LANGUAGE_STANDARD = gnu99;
				GCC_VERSION = com.apple.compilers.llvm.clang.1_0;
				GCC_WARN_ABOUT_MISSING_PROTOTYPES = YES;
				GCC_WARN_ABOUT_RETURN_TYPE = YES;
				GCC_WARN_UNUSED_VARIABLE = YES;
				IPHONEOS_DEPLOYMENT_TARGET = 5.0;
				OTHER_CFLAGS = "-DNS_BLOCK_ASSERTIONS=1";
				SDKROOT = iphoneos;
				VALIDATE_PRODUCT = YES;
			};
			name = Release;
		};
		4CC09AFD15334A3D00487E2A /* Debug */ = {
			isa = XCBuildConfiguration;
			buildSettings = {
				GCC_PRECOMPILE_PREFIX_HEADER = YES;
				GCC_PREFIX_HEADER = "TankGame/TankGame-Prefix.pch";
				INFOPLIST_FILE = "TankGame/TankGame-Info.plist";
				PRODUCT_NAME = "$(TARGET_NAME)";
				WRAPPER_EXTENSION = app;
			};
			name = Debug;
		};
		4CC09AFE15334A3D00487E2A /* Release */ = {
			isa = XCBuildConfiguration;
			buildSettings = {
				GCC_PRECOMPILE_PREFIX_HEADER = YES;
				GCC_PREFIX_HEADER = "TankGame/TankGame-Prefix.pch";
				INFOPLIST_FILE = "TankGame/TankGame-Info.plist";
				PRODUCT_NAME = "$(TARGET_NAME)";
				WRAPPER_EXTENSION = app;
			};
			name = Release;
		};
/* End XCBuildConfiguration section */

/* Begin XCConfigurationList section */
		4CC09AD815334A3C00487E2A /* Build configuration list for PBXProject "TankGame" */ = {
			isa = XCConfigurationList;
			buildConfigurations = (
				4CC09AFA15334A3D00487E2A /* Debug */,
				4CC09AFB15334A3D00487E2A /* Release */,
			);
			defaultConfigurationIsVisible = 0;
			defaultConfigurationName = Release;
		};
		4CC09AFC15334A3D00487E2A /* Build configuration list for PBXNativeTarget "TankGame" */ = {
			isa = XCConfigurationList;
			buildConfigurations = (
				4CC09AFD15334A3D00487E2A /* Debug */,
				4CC09AFE15334A3D00487E2A /* Release */,
			);
			defaultConfigurationIsVisible = 0;
			defaultConfigurationName = Release;
		};
/* End XCConfigurationList section */
	};
	rootObject = 4CC09AD515334A3C00487E2A /* Project object */;
}
